# @generated by Move, please check-in and do not edit manually.

[move]
version = 0
manifest_digest = "F05C94A021709BC04304D83DAF5C4F17E5897D2DFF7B7372AA12EA7F0FD76FDC"
deps_digest = "F8BBB0CCB2491CA29A3DF03D6F92277A4F3574266507ACD77214D37ECA3F3082"

dependencies = [
  { name = "Sui" },
]

[[move.package]]
name = "MoveStdlib"
source = { local = "../../sui-testnet/crates/sui-framework/packages/move-stdlib" }

[[move.package]]
name = "Sui"
source = { local = "../../sui-testnet/crates/sui-framework/packages/sui-framework" }

dependencies = [
  { name = "MoveStdlib" },
]
